
Microsoft Visual Studio Solution File, Format Version 12.00
# Visual Studio Version 17
VisualStudioVersion = 17.11.35303.130
MinimumVisualStudioVersion = 10.0.40219.1
Project("{2150E333-8FDC-42A3-9474-1A3956D46DE8}") = "Task0", "Task0", "{6A7E35F4-7B17-4F14-BB34-41394154EA3D}"
EndProject
Project("{9A19103F-16F7-4668-BE54-9A1E7A4F7556}") = "Tyuiu.GurzanVM.Sprint2.Task0.V29", "Tyuiu.GurzanVM.Sprint2.Task0.V29\Tyuiu.GurzanVM.Sprint2.Task0.V29.csproj", "{C5103418-B600-4CF9-ADE6-7249C34830D7}"
EndProject
Project("{9A19103F-16F7-4668-BE54-9A1E7A4F7556}") = "Tyuiu.GurzanVM.Sprint2.Task0.V29.Lib", "Tyuiu.GurzanVM.Sprint2.Task0.V29.Lib\Tyuiu.GurzanVM.Sprint2.Task0.V29.Lib.csproj", "{8A33D8BE-4DAC-44B4-8AF7-825EB0A9DE3C}"
EndProject
Project("{9A19103F-16F7-4668-BE54-9A1E7A4F7556}") = "Tyuiu.GurzanVM.Sprint2.Task0.V29.Test", "Tyuiu.GurzanVM.Sprint2.Task0.V29.Test\Tyuiu.GurzanVM.Sprint2.Task0.V29.Test.csproj", "{DC862BDB-F686-42C1-8296-5BDFB21FD8FB}"
EndProject
Project("{2150E333-8FDC-42A3-9474-1A3956D46DE8}") = "Task2", "Task2", "{2F7155B8-6638-4D55-A3BC-A7026CBB6B71}"
EndProject
Project("{FAE04EC0-301F-11D3-BF4B-00C04F79EFBC}") = "Tyuiu.GurzanVM.Sprint2.Task2.V19", "Tyuiu.GurzanVM.Sprint2.Task2.V19\Tyuiu.GurzanVM.Sprint2.Task2.V19.csproj", "{61C3197B-A33E-4824-A38F-E285EF113AAA}"
EndProject
Project("{FAE04EC0-301F-11D3-BF4B-00C04F79EFBC}") = "Tyuiu.GurzanVM.Sprint2.Task2.V19.Test", "Tyuiu.GurzanVM.Sprint2.Task2.V19.Test\Tyuiu.GurzanVM.Sprint2.Task2.V19.Test.csproj", "{FD1C845E-4AF6-4ECD-B323-BBE7F4894FB9}"
EndProject
Project("{FAE04EC0-301F-11D3-BF4B-00C04F79EFBC}") = "Tyuiu.GurzanVM.Sprint2.Task2.V19.Lib", "Tyuiu.GurzanVM.Sprint2.Task2.V19.Lib\Tyuiu.GurzanVM.Sprint2.Task2.V19.Lib.csproj", "{D8AAEED0-E7ED-4177-9C52-65ADB6A03D44}"
EndProject
Global
	GlobalSection(SolutionConfigurationPlatforms) = preSolution
		Debug|Any CPU = Debug|Any CPU
		Release|Any CPU = Release|Any CPU
	EndGlobalSection
	GlobalSection(ProjectConfigurationPlatforms) = postSolution
		{C5103418-B600-4CF9-ADE6-7249C34830D7}.Debug|Any CPU.ActiveCfg = Debug|Any CPU
		{C5103418-B600-4CF9-ADE6-7249C34830D7}.Debug|Any CPU.Build.0 = Debug|Any CPU
		{C5103418-B600-4CF9-ADE6-7249C34830D7}.Release|Any CPU.ActiveCfg = Release|Any CPU
		{C5103418-B600-4CF9-ADE6-7249C34830D7}.Release|Any CPU.Build.0 = Release|Any CPU
		{8A33D8BE-4DAC-44B4-8AF7-825EB0A9DE3C}.Debug|Any CPU.ActiveCfg = Debug|Any CPU
		{8A33D8BE-4DAC-44B4-8AF7-825EB0A9DE3C}.Debug|Any CPU.Build.0 = Debug|Any CPU
		{8A33D8BE-4DAC-44B4-8AF7-825EB0A9DE3C}.Release|Any CPU.ActiveCfg = Release|Any CPU
		{8A33D8BE-4DAC-44B4-8AF7-825EB0A9DE3C}.Release|Any CPU.Build.0 = Release|Any CPU
		{DC862BDB-F686-42C1-8296-5BDFB21FD8FB}.Debug|Any CPU.ActiveCfg = Debug|Any CPU
		{DC862BDB-F686-42C1-8296-5BDFB21FD8FB}.Debug|Any CPU.Build.0 = Debug|Any CPU
		{DC862BDB-F686-42C1-8296-5BDFB21FD8FB}.Release|Any CPU.ActiveCfg = Release|Any CPU
		{DC862BDB-F686-42C1-8296-5BDFB21FD8FB}.Release|Any CPU.Build.0 = Release|Any CPU
		{61C3197B-A33E-4824-A38F-E285EF113AAA}.Debug|Any CPU.ActiveCfg = Debug|Any CPU
		{61C3197B-A33E-4824-A38F-E285EF113AAA}.Debug|Any CPU.Build.0 = Debug|Any CPU
		{61C3197B-A33E-4824-A38F-E285EF113AAA}.Release|Any CPU.ActiveCfg = Release|Any CPU
		{61C3197B-A33E-4824-A38F-E285EF113AAA}.Release|Any CPU.Build.0 = Release|Any CPU
		{FD1C845E-4AF6-4ECD-B323-BBE7F4894FB9}.Debug|Any CPU.ActiveCfg = Debug|Any CPU
		{FD1C845E-4AF6-4ECD-B323-BBE7F4894FB9}.Debug|Any CPU.Build.0 = Debug|Any CPU
		{FD1C845E-4AF6-4ECD-B323-BBE7F4894FB9}.Release|Any CPU.ActiveCfg = Release|Any CPU
		{FD1C845E-4AF6-4ECD-B323-BBE7F4894FB9}.Release|Any CPU.Build.0 = Release|Any CPU
		{D8AAEED0-E7ED-4177-9C52-65ADB6A03D44}.Debug|Any CPU.ActiveCfg = Debug|Any CPU
		{D8AAEED0-E7ED-4177-9C52-65ADB6A03D44}.Debug|Any CPU.Build.0 = Debug|Any CPU
		{D8AAEED0-E7ED-4177-9C52-65ADB6A03D44}.Release|Any CPU.ActiveCfg = Release|Any CPU
		{D8AAEED0-E7ED-4177-9C52-65ADB6A03D44}.Release|Any CPU.Build.0 = Release|Any CPU
	EndGlobalSection
	GlobalSection(SolutionProperties) = preSolution
		HideSolutionNode = FALSE
	EndGlobalSection
	GlobalSection(NestedProjects) = preSolution
		{C5103418-B600-4CF9-ADE6-7249C34830D7} = {6A7E35F4-7B17-4F14-BB34-41394154EA3D}
		{8A33D8BE-4DAC-44B4-8AF7-825EB0A9DE3C} = {6A7E35F4-7B17-4F14-BB34-41394154EA3D}
		{DC862BDB-F686-42C1-8296-5BDFB21FD8FB} = {6A7E35F4-7B17-4F14-BB34-41394154EA3D}
		{61C3197B-A33E-4824-A38F-E285EF113AAA} = {2F7155B8-6638-4D55-A3BC-A7026CBB6B71}
		{FD1C845E-4AF6-4ECD-B323-BBE7F4894FB9} = {2F7155B8-6638-4D55-A3BC-A7026CBB6B71}
		{D8AAEED0-E7ED-4177-9C52-65ADB6A03D44} = {2F7155B8-6638-4D55-A3BC-A7026CBB6B71}
	EndGlobalSection
	GlobalSection(ExtensibilityGlobals) = postSolution
		SolutionGuid = {F07A6F41-C727-4A83-9231-87948F7ADFE2}
	EndGlobalSection
EndGlobal
