
Microsoft Visual Studio Solution File, Format Version 12.00
# Visual Studio Version 17
VisualStudioVersion = 17.11.35303.130
MinimumVisualStudioVersion = 10.0.40219.1
Project("{2150E333-8FDC-42A3-9474-1A3956D46DE8}") = "Task0", "Task0", "{6A7E35F4-7B17-4F14-BB34-41394154EA3D}"
EndProject
Project("{9A19103F-16F7-4668-BE54-9A1E7A4F7556}") = "Tyuiu.GurzanVM.Sprint2.Task0.V29", "Tyuiu.GurzanVM.Sprint2.Task0.V29\Tyuiu.GurzanVM.Sprint2.Task0.V29.csproj", "{C5103418-B600-4CF9-ADE6-7249C34830D7}"
EndProject
Project("{9A19103F-16F7-4668-BE54-9A1E7A4F7556}") = "Tyuiu.GurzanVM.Sprint2.Task0.V29.Lib", "Tyuiu.GurzanVM.Sprint2.Task0.V29.Lib\Tyuiu.GurzanVM.Sprint2.Task0.V29.Lib.csproj", "{8A33D8BE-4DAC-44B4-8AF7-825EB0A9DE3C}"
EndProject
Project("{9A19103F-16F7-4668-BE54-9A1E7A4F7556}") = "Tyuiu.GurzanVM.Sprint2.Task0.V29.Test", "Tyuiu.GurzanVM.Sprint2.Task0.V29.Test\Tyuiu.GurzanVM.Sprint2.Task0.V29.Test.csproj", "{DC862BDB-F686-42C1-8296-5BDFB21FD8FB}"
EndProject
Project("{2150E333-8FDC-42A3-9474-1A3956D46DE8}") = "Task2", "Task2", "{2F7155B8-6638-4D55-A3BC-A7026CBB6B71}"
EndProject
Project("{9A19103F-16F7-4668-BE54-9A1E7A4F7556}") = "Tyuiu.GurzanVM.Sprint2.Task2.V19", "Tyuiu.GurzanVM.Sprint2.Task2.V19\Tyuiu.GurzanVM.Sprint2.Task2.V19.csproj", "{61C3197B-A33E-4824-A38F-E285EF113AAA}"
EndProject
Project("{9A19103F-16F7-4668-BE54-9A1E7A4F7556}") = "Tyuiu.GurzanVM.Sprint2.Task2.V19.Test", "Tyuiu.GurzanVM.Sprint2.Task2.V19.Test\Tyuiu.GurzanVM.Sprint2.Task2.V19.Test.csproj", "{FD1C845E-4AF6-4ECD-B323-BBE7F4894FB9}"
EndProject
Project("{9A19103F-16F7-4668-BE54-9A1E7A4F7556}") = "Tyuiu.GurzanVM.Sprint2.Task2.V19.Lib", "Tyuiu.GurzanVM.Sprint2.Task2.V19.Lib\Tyuiu.GurzanVM.Sprint2.Task2.V19.Lib.csproj", "{D8AAEED0-E7ED-4177-9C52-65ADB6A03D44}"
EndProject
Project("{2150E333-8FDC-42A3-9474-1A3956D46DE8}") = "Task3", "Task3", "{D1C9B153-6DA1-425A-AEB5-352F20B1569C}"
EndProject
Project("{9A19103F-16F7-4668-BE54-9A1E7A4F7556}") = "Tyuiu.GurzanVM.Sprint2.Task3.V2", "Tyuiu.GurzanVM.Sprint2.Task3.V2\Tyuiu.GurzanVM.Sprint2.Task3.V2.csproj", "{39442650-E827-4DD5-B33E-27066F9CA09E}"
EndProject
Project("{9A19103F-16F7-4668-BE54-9A1E7A4F7556}") = "Tyuiu.GurzanVM.Sprint2.Task3.V2.Lib", "Tyuiu.GurzanVM.Sprint2.Task3.V2.Lib\Tyuiu.GurzanVM.Sprint2.Task3.V2.Lib.csproj", "{CE7CAF27-4DFE-4A97-9D3F-E54C6FF9CF15}"
EndProject
Project("{9A19103F-16F7-4668-BE54-9A1E7A4F7556}") = "Tyuiu.GurzanVM.Sprint2.Task3.V2.Test", "Tyuiu.GurzanVM.Sprint2.Task3.V2.Test\Tyuiu.GurzanVM.Sprint2.Task3.V2.Test.csproj", "{97FC61D9-FD1B-4214-8DF4-6E36465E3123}"
EndProject
Project("{2150E333-8FDC-42A3-9474-1A3956D46DE8}") = "Task4", "Task4", "{73AEAD67-D276-4AF3-AFF8-03F6D2630E11}"
EndProject
Project("{9A19103F-16F7-4668-BE54-9A1E7A4F7556}") = "Tyuiu.GurzanVM.Sprint2.Task4.V1", "Tyuiu.GurzanVM.Sprint2.Task4.V1\Tyuiu.GurzanVM.Sprint2.Task4.V1.csproj", "{341144D5-26D6-4063-A253-3CA0A644A590}"
EndProject
Project("{9A19103F-16F7-4668-BE54-9A1E7A4F7556}") = "Tyuiu.GurzanVM.Sprint2.Task4.V1.Lib", "Tyuiu.GurzanVM.Sprint2.Task4.V1.Lib\Tyuiu.GurzanVM.Sprint2.Task4.V1.Lib.csproj", "{81B9D106-27DA-4293-A6F9-C767AA79196B}"
EndProject
Project("{9A19103F-16F7-4668-BE54-9A1E7A4F7556}") = "Tyuiu.GurzanVM.Sprint2.Task4.V1.Test", "Tyuiu.GurzanVM.Sprint2.Task4.V1.Test\Tyuiu.GurzanVM.Sprint2.Task4.V1.Test.csproj", "{04FD9302-9BA2-4E2B-80AB-362FF1E61C40}"
EndProject
Project("{2150E333-8FDC-42A3-9474-1A3956D46DE8}") = "Task5", "Task5", "{A14574C3-186D-48F4-8DA0-5586EE7F6CC3}"
EndProject
Project("{9A19103F-16F7-4668-BE54-9A1E7A4F7556}") = "Tyuiu.GurzanVM.Sprint2.Task5.V1", "Tyuiu.GurzanVM.Sprint2.Task5.V1\Tyuiu.GurzanVM.Sprint2.Task5.V1.csproj", "{42DA51F6-E242-4915-AF25-FE5D6063BCF3}"
EndProject
Project("{9A19103F-16F7-4668-BE54-9A1E7A4F7556}") = "Tyuiu.GurzanVM.Sprint2.Task5.V1.Lib", "Tyuiu.GurzanVM.Sprint2.Task5.V1.Lib\Tyuiu.GurzanVM.Sprint2.Task5.V1.Lib.csproj", "{5C2FDBD5-FB68-4A9E-829D-C1156AA5CFAD}"
EndProject
Project("{9A19103F-16F7-4668-BE54-9A1E7A4F7556}") = "Tyuiu.GurzanVM.Sprint2.Task5.V1.Test", "Tyuiu.GurzanVM.Sprint2.Task5.V1.Test\Tyuiu.GurzanVM.Sprint2.Task5.V1.Test.csproj", "{DE20C621-E573-4D85-B044-27FE2C98012B}"
EndProject
Project("{2150E333-8FDC-42A3-9474-1A3956D46DE8}") = "Task6", "Task6", "{FCACE727-582A-4BA2-8378-9AB2DA7CF8F1}"
EndProject
Project("{2150E333-8FDC-42A3-9474-1A3956D46DE8}") = "Task7", "Task7", "{85EF652F-0B4B-424C-92FA-4821CA7730ED}"
EndProject
Project("{9A19103F-16F7-4668-BE54-9A1E7A4F7556}") = "Tyuiu.GurzanVM.Sprint2.Task7.V5", "Tyuiu.GurzanVM.Sprint2.Task7.V5\Tyuiu.GurzanVM.Sprint2.Task7.V5.csproj", "{6CCEF6C9-6581-4EE1-B993-5E56332F6380}"
EndProject
Project("{9A19103F-16F7-4668-BE54-9A1E7A4F7556}") = "Tyuiu.GurzanVM.Sprint2.Task7.V5.Lib", "Tyuiu.GurzanVM.Sprint2.Task7.V5.Lib\Tyuiu.GurzanVM.Sprint2.Task7.V5.Lib.csproj", "{2BC9681A-DD8C-4414-BB1F-A440819DE084}"
EndProject
Project("{9A19103F-16F7-4668-BE54-9A1E7A4F7556}") = "Tyuiu.GurzanVM.Sprint2.Task7.V5.Test", "Tyuiu.GurzanVM.Sprint2.Task7.V5.Test\Tyuiu.GurzanVM.Sprint2.Task7.V5.Test.csproj", "{A7300245-F3B6-4FE5-860E-B3C3E719860C}"
EndProject
Project("{FAE04EC0-301F-11D3-BF4B-00C04F79EFBC}") = "Tyuiu.GurzanVM.Sprint2.Task6.V7", "Tyuiu.GurzanVM.Sprint2.Task6.V7\Tyuiu.GurzanVM.Sprint2.Task6.V7.csproj", "{76D57525-D34A-40BE-B020-6704B7E1C4C0}"
EndProject
Project("{FAE04EC0-301F-11D3-BF4B-00C04F79EFBC}") = "Tyuiu.GurzanVM.Sprint2.Task6.V7.Lib", "Tyuiu.GurzanVM.Sprint2.Task6.V7.Lib\Tyuiu.GurzanVM.Sprint2.Task6.V7.Lib.csproj", "{7DA64A9E-2ED3-4D67-B048-3AE59BDFB22B}"
EndProject
Project("{FAE04EC0-301F-11D3-BF4B-00C04F79EFBC}") = "Tyuiu.GurzanVM.Sprint2.Task6.V7.Test", "Tyuiu.GurzanVM.Sprint2.Task6.V7.Test\Tyuiu.GurzanVM.Sprint2.Task6.V7.Test.csproj", "{D7CD5FB6-12E0-4372-AB58-328843BDEFE3}"
EndProject
Global
	GlobalSection(SolutionConfigurationPlatforms) = preSolution
		Debug|Any CPU = Debug|Any CPU
		Release|Any CPU = Release|Any CPU
	EndGlobalSection
	GlobalSection(ProjectConfigurationPlatforms) = postSolution
		{C5103418-B600-4CF9-ADE6-7249C34830D7}.Debug|Any CPU.ActiveCfg = Debug|Any CPU
		{C5103418-B600-4CF9-ADE6-7249C34830D7}.Debug|Any CPU.Build.0 = Debug|Any CPU
		{C5103418-B600-4CF9-ADE6-7249C34830D7}.Release|Any CPU.ActiveCfg = Release|Any CPU
		{C5103418-B600-4CF9-ADE6-7249C34830D7}.Release|Any CPU.Build.0 = Release|Any CPU
		{8A33D8BE-4DAC-44B4-8AF7-825EB0A9DE3C}.Debug|Any CPU.ActiveCfg = Debug|Any CPU
		{8A33D8BE-4DAC-44B4-8AF7-825EB0A9DE3C}.Debug|Any CPU.Build.0 = Debug|Any CPU
		{8A33D8BE-4DAC-44B4-8AF7-825EB0A9DE3C}.Release|Any CPU.ActiveCfg = Release|Any CPU
		{8A33D8BE-4DAC-44B4-8AF7-825EB0A9DE3C}.Release|Any CPU.Build.0 = Release|Any CPU
		{DC862BDB-F686-42C1-8296-5BDFB21FD8FB}.Debug|Any CPU.ActiveCfg = Debug|Any CPU
		{DC862BDB-F686-42C1-8296-5BDFB21FD8FB}.Debug|Any CPU.Build.0 = Debug|Any CPU
		{DC862BDB-F686-42C1-8296-5BDFB21FD8FB}.Release|Any CPU.ActiveCfg = Release|Any CPU
		{DC862BDB-F686-42C1-8296-5BDFB21FD8FB}.Release|Any CPU.Build.0 = Release|Any CPU
		{61C3197B-A33E-4824-A38F-E285EF113AAA}.Debug|Any CPU.ActiveCfg = Debug|Any CPU
		{61C3197B-A33E-4824-A38F-E285EF113AAA}.Debug|Any CPU.Build.0 = Debug|Any CPU
		{61C3197B-A33E-4824-A38F-E285EF113AAA}.Release|Any CPU.ActiveCfg = Release|Any CPU
		{61C3197B-A33E-4824-A38F-E285EF113AAA}.Release|Any CPU.Build.0 = Release|Any CPU
		{FD1C845E-4AF6-4ECD-B323-BBE7F4894FB9}.Debug|Any CPU.ActiveCfg = Debug|Any CPU
		{FD1C845E-4AF6-4ECD-B323-BBE7F4894FB9}.Debug|Any CPU.Build.0 = Debug|Any CPU
		{FD1C845E-4AF6-4ECD-B323-BBE7F4894FB9}.Release|Any CPU.ActiveCfg = Release|Any CPU
		{FD1C845E-4AF6-4ECD-B323-BBE7F4894FB9}.Release|Any CPU.Build.0 = Release|Any CPU
		{D8AAEED0-E7ED-4177-9C52-65ADB6A03D44}.Debug|Any CPU.ActiveCfg = Debug|Any CPU
		{D8AAEED0-E7ED-4177-9C52-65ADB6A03D44}.Debug|Any CPU.Build.0 = Debug|Any CPU
		{D8AAEED0-E7ED-4177-9C52-65ADB6A03D44}.Release|Any CPU.ActiveCfg = Release|Any CPU
		{D8AAEED0-E7ED-4177-9C52-65ADB6A03D44}.Release|Any CPU.Build.0 = Release|Any CPU
		{39442650-E827-4DD5-B33E-27066F9CA09E}.Debug|Any CPU.ActiveCfg = Debug|Any CPU
		{39442650-E827-4DD5-B33E-27066F9CA09E}.Debug|Any CPU.Build.0 = Debug|Any CPU
		{39442650-E827-4DD5-B33E-27066F9CA09E}.Release|Any CPU.ActiveCfg = Release|Any CPU
		{39442650-E827-4DD5-B33E-27066F9CA09E}.Release|Any CPU.Build.0 = Release|Any CPU
		{CE7CAF27-4DFE-4A97-9D3F-E54C6FF9CF15}.Debug|Any CPU.ActiveCfg = Debug|Any CPU
		{CE7CAF27-4DFE-4A97-9D3F-E54C6FF9CF15}.Debug|Any CPU.Build.0 = Debug|Any CPU
		{CE7CAF27-4DFE-4A97-9D3F-E54C6FF9CF15}.Release|Any CPU.ActiveCfg = Release|Any CPU
		{CE7CAF27-4DFE-4A97-9D3F-E54C6FF9CF15}.Release|Any CPU.Build.0 = Release|Any CPU
		{97FC61D9-FD1B-4214-8DF4-6E36465E3123}.Debug|Any CPU.ActiveCfg = Debug|Any CPU
		{97FC61D9-FD1B-4214-8DF4-6E36465E3123}.Debug|Any CPU.Build.0 = Debug|Any CPU
		{97FC61D9-FD1B-4214-8DF4-6E36465E3123}.Release|Any CPU.ActiveCfg = Release|Any CPU
		{97FC61D9-FD1B-4214-8DF4-6E36465E3123}.Release|Any CPU.Build.0 = Release|Any CPU
		{341144D5-26D6-4063-A253-3CA0A644A590}.Debug|Any CPU.ActiveCfg = Debug|Any CPU
		{341144D5-26D6-4063-A253-3CA0A644A590}.Debug|Any CPU.Build.0 = Debug|Any CPU
		{341144D5-26D6-4063-A253-3CA0A644A590}.Release|Any CPU.ActiveCfg = Release|Any CPU
		{341144D5-26D6-4063-A253-3CA0A644A590}.Release|Any CPU.Build.0 = Release|Any CPU
		{81B9D106-27DA-4293-A6F9-C767AA79196B}.Debug|Any CPU.ActiveCfg = Debug|Any CPU
		{81B9D106-27DA-4293-A6F9-C767AA79196B}.Debug|Any CPU.Build.0 = Debug|Any CPU
		{81B9D106-27DA-4293-A6F9-C767AA79196B}.Release|Any CPU.ActiveCfg = Release|Any CPU
		{81B9D106-27DA-4293-A6F9-C767AA79196B}.Release|Any CPU.Build.0 = Release|Any CPU
		{04FD9302-9BA2-4E2B-80AB-362FF1E61C40}.Debug|Any CPU.ActiveCfg = Debug|Any CPU
		{04FD9302-9BA2-4E2B-80AB-362FF1E61C40}.Debug|Any CPU.Build.0 = Debug|Any CPU
		{04FD9302-9BA2-4E2B-80AB-362FF1E61C40}.Release|Any CPU.ActiveCfg = Release|Any CPU
		{04FD9302-9BA2-4E2B-80AB-362FF1E61C40}.Release|Any CPU.Build.0 = Release|Any CPU
		{42DA51F6-E242-4915-AF25-FE5D6063BCF3}.Debug|Any CPU.ActiveCfg = Debug|Any CPU
		{42DA51F6-E242-4915-AF25-FE5D6063BCF3}.Debug|Any CPU.Build.0 = Debug|Any CPU
		{42DA51F6-E242-4915-AF25-FE5D6063BCF3}.Release|Any CPU.ActiveCfg = Release|Any CPU
		{42DA51F6-E242-4915-AF25-FE5D6063BCF3}.Release|Any CPU.Build.0 = Release|Any CPU
		{5C2FDBD5-FB68-4A9E-829D-C1156AA5CFAD}.Debug|Any CPU.ActiveCfg = Debug|Any CPU
		{5C2FDBD5-FB68-4A9E-829D-C1156AA5CFAD}.Debug|Any CPU.Build.0 = Debug|Any CPU
		{5C2FDBD5-FB68-4A9E-829D-C1156AA5CFAD}.Release|Any CPU.ActiveCfg = Release|Any CPU
		{5C2FDBD5-FB68-4A9E-829D-C1156AA5CFAD}.Release|Any CPU.Build.0 = Release|Any CPU
		{DE20C621-E573-4D85-B044-27FE2C98012B}.Debug|Any CPU.ActiveCfg = Debug|Any CPU
		{DE20C621-E573-4D85-B044-27FE2C98012B}.Debug|Any CPU.Build.0 = Debug|Any CPU
		{DE20C621-E573-4D85-B044-27FE2C98012B}.Release|Any CPU.ActiveCfg = Release|Any CPU
		{DE20C621-E573-4D85-B044-27FE2C98012B}.Release|Any CPU.Build.0 = Release|Any CPU
		{6CCEF6C9-6581-4EE1-B993-5E56332F6380}.Debug|Any CPU.ActiveCfg = Debug|Any CPU
		{6CCEF6C9-6581-4EE1-B993-5E56332F6380}.Debug|Any CPU.Build.0 = Debug|Any CPU
		{6CCEF6C9-6581-4EE1-B993-5E56332F6380}.Release|Any CPU.ActiveCfg = Release|Any CPU
		{6CCEF6C9-6581-4EE1-B993-5E56332F6380}.Release|Any CPU.Build.0 = Release|Any CPU
		{2BC9681A-DD8C-4414-BB1F-A440819DE084}.Debug|Any CPU.ActiveCfg = Debug|Any CPU
		{2BC9681A-DD8C-4414-BB1F-A440819DE084}.Debug|Any CPU.Build.0 = Debug|Any CPU
		{2BC9681A-DD8C-4414-BB1F-A440819DE084}.Release|Any CPU.ActiveCfg = Release|Any CPU
		{2BC9681A-DD8C-4414-BB1F-A440819DE084}.Release|Any CPU.Build.0 = Release|Any CPU
		{A7300245-F3B6-4FE5-860E-B3C3E719860C}.Debug|Any CPU.ActiveCfg = Debug|Any CPU
		{A7300245-F3B6-4FE5-860E-B3C3E719860C}.Debug|Any CPU.Build.0 = Debug|Any CPU
		{A7300245-F3B6-4FE5-860E-B3C3E719860C}.Release|Any CPU.ActiveCfg = Release|Any CPU
		{A7300245-F3B6-4FE5-860E-B3C3E719860C}.Release|Any CPU.Build.0 = Release|Any CPU
		{76D57525-D34A-40BE-B020-6704B7E1C4C0}.Debug|Any CPU.ActiveCfg = Debug|Any CPU
		{76D57525-D34A-40BE-B020-6704B7E1C4C0}.Debug|Any CPU.Build.0 = Debug|Any CPU
		{76D57525-D34A-40BE-B020-6704B7E1C4C0}.Release|Any CPU.ActiveCfg = Release|Any CPU
		{76D57525-D34A-40BE-B020-6704B7E1C4C0}.Release|Any CPU.Build.0 = Release|Any CPU
		{7DA64A9E-2ED3-4D67-B048-3AE59BDFB22B}.Debug|Any CPU.ActiveCfg = Debug|Any CPU
		{7DA64A9E-2ED3-4D67-B048-3AE59BDFB22B}.Debug|Any CPU.Build.0 = Debug|Any CPU
		{7DA64A9E-2ED3-4D67-B048-3AE59BDFB22B}.Release|Any CPU.ActiveCfg = Release|Any CPU
		{7DA64A9E-2ED3-4D67-B048-3AE59BDFB22B}.Release|Any CPU.Build.0 = Release|Any CPU
		{D7CD5FB6-12E0-4372-AB58-328843BDEFE3}.Debug|Any CPU.ActiveCfg = Debug|Any CPU
		{D7CD5FB6-12E0-4372-AB58-328843BDEFE3}.Debug|Any CPU.Build.0 = Debug|Any CPU
		{D7CD5FB6-12E0-4372-AB58-328843BDEFE3}.Release|Any CPU.ActiveCfg = Release|Any CPU
		{D7CD5FB6-12E0-4372-AB58-328843BDEFE3}.Release|Any CPU.Build.0 = Release|Any CPU
	EndGlobalSection
	GlobalSection(SolutionProperties) = preSolution
		HideSolutionNode = FALSE
	EndGlobalSection
	GlobalSection(NestedProjects) = preSolution
		{C5103418-B600-4CF9-ADE6-7249C34830D7} = {6A7E35F4-7B17-4F14-BB34-41394154EA3D}
		{8A33D8BE-4DAC-44B4-8AF7-825EB0A9DE3C} = {6A7E35F4-7B17-4F14-BB34-41394154EA3D}
		{DC862BDB-F686-42C1-8296-5BDFB21FD8FB} = {6A7E35F4-7B17-4F14-BB34-41394154EA3D}
		{61C3197B-A33E-4824-A38F-E285EF113AAA} = {2F7155B8-6638-4D55-A3BC-A7026CBB6B71}
		{FD1C845E-4AF6-4ECD-B323-BBE7F4894FB9} = {2F7155B8-6638-4D55-A3BC-A7026CBB6B71}
		{D8AAEED0-E7ED-4177-9C52-65ADB6A03D44} = {2F7155B8-6638-4D55-A3BC-A7026CBB6B71}
		{39442650-E827-4DD5-B33E-27066F9CA09E} = {D1C9B153-6DA1-425A-AEB5-352F20B1569C}
		{CE7CAF27-4DFE-4A97-9D3F-E54C6FF9CF15} = {D1C9B153-6DA1-425A-AEB5-352F20B1569C}
		{97FC61D9-FD1B-4214-8DF4-6E36465E3123} = {D1C9B153-6DA1-425A-AEB5-352F20B1569C}
		{341144D5-26D6-4063-A253-3CA0A644A590} = {73AEAD67-D276-4AF3-AFF8-03F6D2630E11}
		{81B9D106-27DA-4293-A6F9-C767AA79196B} = {73AEAD67-D276-4AF3-AFF8-03F6D2630E11}
		{04FD9302-9BA2-4E2B-80AB-362FF1E61C40} = {73AEAD67-D276-4AF3-AFF8-03F6D2630E11}
		{42DA51F6-E242-4915-AF25-FE5D6063BCF3} = {A14574C3-186D-48F4-8DA0-5586EE7F6CC3}
		{5C2FDBD5-FB68-4A9E-829D-C1156AA5CFAD} = {A14574C3-186D-48F4-8DA0-5586EE7F6CC3}
		{DE20C621-E573-4D85-B044-27FE2C98012B} = {A14574C3-186D-48F4-8DA0-5586EE7F6CC3}
		{6CCEF6C9-6581-4EE1-B993-5E56332F6380} = {85EF652F-0B4B-424C-92FA-4821CA7730ED}
		{2BC9681A-DD8C-4414-BB1F-A440819DE084} = {85EF652F-0B4B-424C-92FA-4821CA7730ED}
		{A7300245-F3B6-4FE5-860E-B3C3E719860C} = {85EF652F-0B4B-424C-92FA-4821CA7730ED}
		{76D57525-D34A-40BE-B020-6704B7E1C4C0} = {FCACE727-582A-4BA2-8378-9AB2DA7CF8F1}
		{7DA64A9E-2ED3-4D67-B048-3AE59BDFB22B} = {FCACE727-582A-4BA2-8378-9AB2DA7CF8F1}
		{D7CD5FB6-12E0-4372-AB58-328843BDEFE3} = {FCACE727-582A-4BA2-8378-9AB2DA7CF8F1}
	EndGlobalSection
	GlobalSection(ExtensibilityGlobals) = postSolution
		SolutionGuid = {F07A6F41-C727-4A83-9231-87948F7ADFE2}
	EndGlobalSection
EndGlobal
