
Microsoft Visual Studio Solution File, Format Version 12.00
# Visual Studio Version 17
VisualStudioVersion = 17.11.35303.130
MinimumVisualStudioVersion = 10.0.40219.1
Project("{2150E333-8FDC-42A3-9474-1A3956D46DE8}") = "Task0", "Task0", "{6A7E35F4-7B17-4F14-BB34-41394154EA3D}"
EndProject
Project("{9A19103F-16F7-4668-BE54-9A1E7A4F7556}") = "Tyuiu.GurzanVM.Sprint2.Task0.V29", "Tyuiu.GurzanVM.Sprint2.Task0.V29\Tyuiu.GurzanVM.Sprint2.Task0.V29.csproj", "{C5103418-B600-4CF9-ADE6-7249C34830D7}"
EndProject
Project("{9A19103F-16F7-4668-BE54-9A1E7A4F7556}") = "Tyuiu.GurzanVM.Sprint2.Task0.V29.Lib", "Tyuiu.GurzanVM.Sprint2.Task0.V29.Lib\Tyuiu.GurzanVM.Sprint2.Task0.V29.Lib.csproj", "{8A33D8BE-4DAC-44B4-8AF7-825EB0A9DE3C}"
EndProject
Project("{9A19103F-16F7-4668-BE54-9A1E7A4F7556}") = "Tyuiu.GurzanVM.Sprint2.Task0.V29.Test", "Tyuiu.GurzanVM.Sprint2.Task0.V29.Test\Tyuiu.GurzanVM.Sprint2.Task0.V29.Test.csproj", "{DC862BDB-F686-42C1-8296-5BDFB21FD8FB}"
EndProject
Project("{2150E333-8FDC-42A3-9474-1A3956D46DE8}") = "Task1", "Task1", "{907105E2-2F3C-4F4D-B07C-9806ABD5F490}"
EndProject
Project("{FAE04EC0-301F-11D3-BF4B-00C04F79EFBC}") = "Tyuiu.GurzanVM.Sprint1.Task1.V10", "Tyuiu.GurzanVM.Sprint1.Task1.V10\Tyuiu.GurzanVM.Sprint1.Task1.V10.csproj", "{07A05536-8CCE-486F-9AC3-28DCECA02F14}"
EndProject
Project("{FAE04EC0-301F-11D3-BF4B-00C04F79EFBC}") = "Tyuiu.GurzanVM.Sprint1.Task1.V10.Lib", "Tyuiu.GurzanVM.Sprint1.Task1.V10.Lib\Tyuiu.GurzanVM.Sprint1.Task1.V10.Lib.csproj", "{CBB0144A-27D8-4C3F-A9DB-27727AF80552}"
EndProject
Project("{FAE04EC0-301F-11D3-BF4B-00C04F79EFBC}") = "Tyuiu.GurzanVM.Sprint1.Task1.V10.Test", "Tyuiu.GurzanVM.Sprint1.Task1.V10.Test\Tyuiu.GurzanVM.Sprint1.Task1.V10.Test.csproj", "{103986EF-6C85-4C5C-849B-6907BD7353D0}"
EndProject
Global
	GlobalSection(SolutionConfigurationPlatforms) = preSolution
		Debug|Any CPU = Debug|Any CPU
		Release|Any CPU = Release|Any CPU
	EndGlobalSection
	GlobalSection(ProjectConfigurationPlatforms) = postSolution
		{C5103418-B600-4CF9-ADE6-7249C34830D7}.Debug|Any CPU.ActiveCfg = Debug|Any CPU
		{C5103418-B600-4CF9-ADE6-7249C34830D7}.Debug|Any CPU.Build.0 = Debug|Any CPU
		{C5103418-B600-4CF9-ADE6-7249C34830D7}.Release|Any CPU.ActiveCfg = Release|Any CPU
		{C5103418-B600-4CF9-ADE6-7249C34830D7}.Release|Any CPU.Build.0 = Release|Any CPU
		{8A33D8BE-4DAC-44B4-8AF7-825EB0A9DE3C}.Debug|Any CPU.ActiveCfg = Debug|Any CPU
		{8A33D8BE-4DAC-44B4-8AF7-825EB0A9DE3C}.Debug|Any CPU.Build.0 = Debug|Any CPU
		{8A33D8BE-4DAC-44B4-8AF7-825EB0A9DE3C}.Release|Any CPU.ActiveCfg = Release|Any CPU
		{8A33D8BE-4DAC-44B4-8AF7-825EB0A9DE3C}.Release|Any CPU.Build.0 = Release|Any CPU
		{DC862BDB-F686-42C1-8296-5BDFB21FD8FB}.Debug|Any CPU.ActiveCfg = Debug|Any CPU
		{DC862BDB-F686-42C1-8296-5BDFB21FD8FB}.Debug|Any CPU.Build.0 = Debug|Any CPU
		{DC862BDB-F686-42C1-8296-5BDFB21FD8FB}.Release|Any CPU.ActiveCfg = Release|Any CPU
		{DC862BDB-F686-42C1-8296-5BDFB21FD8FB}.Release|Any CPU.Build.0 = Release|Any CPU
		{07A05536-8CCE-486F-9AC3-28DCECA02F14}.Debug|Any CPU.ActiveCfg = Debug|Any CPU
		{07A05536-8CCE-486F-9AC3-28DCECA02F14}.Debug|Any CPU.Build.0 = Debug|Any CPU
		{07A05536-8CCE-486F-9AC3-28DCECA02F14}.Release|Any CPU.ActiveCfg = Release|Any CPU
		{07A05536-8CCE-486F-9AC3-28DCECA02F14}.Release|Any CPU.Build.0 = Release|Any CPU
		{CBB0144A-27D8-4C3F-A9DB-27727AF80552}.Debug|Any CPU.ActiveCfg = Debug|Any CPU
		{CBB0144A-27D8-4C3F-A9DB-27727AF80552}.Debug|Any CPU.Build.0 = Debug|Any CPU
		{CBB0144A-27D8-4C3F-A9DB-27727AF80552}.Release|Any CPU.ActiveCfg = Release|Any CPU
		{CBB0144A-27D8-4C3F-A9DB-27727AF80552}.Release|Any CPU.Build.0 = Release|Any CPU
		{103986EF-6C85-4C5C-849B-6907BD7353D0}.Debug|Any CPU.ActiveCfg = Debug|Any CPU
		{103986EF-6C85-4C5C-849B-6907BD7353D0}.Debug|Any CPU.Build.0 = Debug|Any CPU
		{103986EF-6C85-4C5C-849B-6907BD7353D0}.Release|Any CPU.ActiveCfg = Release|Any CPU
		{103986EF-6C85-4C5C-849B-6907BD7353D0}.Release|Any CPU.Build.0 = Release|Any CPU
	EndGlobalSection
	GlobalSection(SolutionProperties) = preSolution
		HideSolutionNode = FALSE
	EndGlobalSection
	GlobalSection(NestedProjects) = preSolution
		{C5103418-B600-4CF9-ADE6-7249C34830D7} = {6A7E35F4-7B17-4F14-BB34-41394154EA3D}
		{8A33D8BE-4DAC-44B4-8AF7-825EB0A9DE3C} = {6A7E35F4-7B17-4F14-BB34-41394154EA3D}
		{DC862BDB-F686-42C1-8296-5BDFB21FD8FB} = {6A7E35F4-7B17-4F14-BB34-41394154EA3D}
		{07A05536-8CCE-486F-9AC3-28DCECA02F14} = {907105E2-2F3C-4F4D-B07C-9806ABD5F490}
		{CBB0144A-27D8-4C3F-A9DB-27727AF80552} = {907105E2-2F3C-4F4D-B07C-9806ABD5F490}
		{103986EF-6C85-4C5C-849B-6907BD7353D0} = {907105E2-2F3C-4F4D-B07C-9806ABD5F490}
	EndGlobalSection
	GlobalSection(ExtensibilityGlobals) = postSolution
		SolutionGuid = {F07A6F41-C727-4A83-9231-87948F7ADFE2}
	EndGlobalSection
EndGlobal
